# This file is generated by running "yarn install" inside your project.
# Manual changes might be lost - proceed with caution!

__metadata:
  version: 5
  cacheKey: 8

"yamlparser@npm:^0.0.2":
  version: 0.0.2
  resolution: "yamlparser@npm:0.0.2"
  checksum: 9f09b0af2bc24f22153250b0eac88b491d59c38449fbfec665d13e746941e3a089f47c592a9ca8d9f0aab8b7014fe813642f955de93d23a179f05fe1e29e6f3e
  languageName: node
  linkType: hard

"yarn-patch-issue@workspace:.":
  version: 0.0.0-use.local
  resolution: "yarn-patch-issue@workspace:."
  dependencies:
    yamlparser: ^0.0.2
  languageName: unknown
  linkType: soft
